#MicroXplorer Configuration settings - do not modify
CORTEX_M7.AccessPermission-Cortex_Memory_Protection_Unit_Region0_Settings=MPU_REGION_FULL_ACCESS
CORTEX_M7.AccessPermission-Cortex_Memory_Protection_Unit_Region1_Settings=MPU_REGION_FULL_ACCESS
CORTEX_M7.AccessPermission-Cortex_Memory_Protection_Unit_Region2_Settings=MPU_REGION_FULL_ACCESS
CORTEX_M7.AccessPermission-Cortex_Memory_Protection_Unit_Region3_Settings=MPU_REGION_FULL_ACCESS
CORTEX_M7.AccessPermission-Cortex_Memory_Protection_Unit_Region4_Settings=MPU_REGION_FULL_ACCESS
CORTEX_M7.BaseAddress-Cortex_Memory_Protection_Unit_Region0_Settings=0x60000000
CORTEX_M7.BaseAddress-Cortex_Memory_Protection_Unit_Region1_Settings=0x24000000
CORTEX_M7.BaseAddress-Cortex_Memory_Protection_Unit_Region2_Settings=0x30000000
CORTEX_M7.BaseAddress-Cortex_Memory_Protection_Unit_Region3_Settings=0x38000000
CORTEX_M7.BaseAddress-Cortex_Memory_Protection_Unit_Region4_Settings=0x20000000
CORTEX_M7.CPU_DCache=Enabled
CORTEX_M7.CPU_ICache=Enabled
CORTEX_M7.Enable-Cortex_Memory_Protection_Unit_Region0_Settings=MPU_REGION_ENABLE
CORTEX_M7.Enable-Cortex_Memory_Protection_Unit_Region1_Settings=MPU_REGION_ENABLE
CORTEX_M7.Enable-Cortex_Memory_Protection_Unit_Region2_Settings=MPU_REGION_ENABLE
CORTEX_M7.Enable-Cortex_Memory_Protection_Unit_Region3_Settings=MPU_REGION_ENABLE
CORTEX_M7.Enable-Cortex_Memory_Protection_Unit_Region4_Settings=MPU_REGION_ENABLE
CORTEX_M7.IPParameters=CPU_ICache,CPU_DCache,MPU_Control,Enable-Cortex_Memory_Protection_Unit_Region0_Settings,BaseAddress-Cortex_Memory_Protection_Unit_Region0_Settings,Size-Cortex_Memory_Protection_Unit_Region0_Settings,IsShareable-Cortex_Memory_Protection_Unit_Region0_Settings,IsBufferable-Cortex_Memory_Protection_Unit_Region0_Settings,Enable-Cortex_Memory_Protection_Unit_Region1_Settings,BaseAddress-Cortex_Memory_Protection_Unit_Region1_Settings,Size-Cortex_Memory_Protection_Unit_Region1_Settings,TypeExtField-Cortex_Memory_Protection_Unit_Region1_Settings,IsShareable-Cortex_Memory_Protection_Unit_Region1_Settings,IsCacheable-Cortex_Memory_Protection_Unit_Region1_Settings,IsBufferable-Cortex_Memory_Protection_Unit_Region1_Settings,Enable-Cortex_Memory_Protection_Unit_Region2_Settings,BaseAddress-Cortex_Memory_Protection_Unit_Region2_Settings,Size-Cortex_Memory_Protection_Unit_Region2_Settings,TypeExtField-Cortex_Memory_Protection_Unit_Region2_Settings,AccessPermission-Cortex_Memory_Protection_Unit_Region2_Settings,AccessPermission-Cortex_Memory_Protection_Unit_Region1_Settings,AccessPermission-Cortex_Memory_Protection_Unit_Region0_Settings,IsShareable-Cortex_Memory_Protection_Unit_Region2_Settings,IsCacheable-Cortex_Memory_Protection_Unit_Region2_Settings,IsBufferable-Cortex_Memory_Protection_Unit_Region2_Settings,Enable-Cortex_Memory_Protection_Unit_Region3_Settings,BaseAddress-Cortex_Memory_Protection_Unit_Region3_Settings,Size-Cortex_Memory_Protection_Unit_Region3_Settings,TypeExtField-Cortex_Memory_Protection_Unit_Region3_Settings,AccessPermission-Cortex_Memory_Protection_Unit_Region3_Settings,IsShareable-Cortex_Memory_Protection_Unit_Region3_Settings,IsCacheable-Cortex_Memory_Protection_Unit_Region3_Settings,IsBufferable-Cortex_Memory_Protection_Unit_Region3_Settings,Enable-Cortex_Memory_Protection_Unit_Region4_Settings,BaseAddress-Cortex_Memory_Protection_Unit_Region4_Settings,Size-Cortex_Memory_Protection_Unit_Region4_Settings,TypeExtField-Cortex_Memory_Protection_Unit_Region4_Settings,AccessPermission-Cortex_Memory_Protection_Unit_Region4_Settings,IsShareable-Cortex_Memory_Protection_Unit_Region4_Settings,IsCacheable-Cortex_Memory_Protection_Unit_Region4_Settings,IsBufferable-Cortex_Memory_Protection_Unit_Region4_Settings
CORTEX_M7.IsBufferable-Cortex_Memory_Protection_Unit_Region0_Settings=MPU_ACCESS_BUFFERABLE
CORTEX_M7.IsBufferable-Cortex_Memory_Protection_Unit_Region1_Settings=MPU_ACCESS_BUFFERABLE
CORTEX_M7.IsBufferable-Cortex_Memory_Protection_Unit_Region2_Settings=MPU_ACCESS_BUFFERABLE
CORTEX_M7.IsBufferable-Cortex_Memory_Protection_Unit_Region3_Settings=MPU_ACCESS_BUFFERABLE
CORTEX_M7.IsBufferable-Cortex_Memory_Protection_Unit_Region4_Settings=MPU_ACCESS_BUFFERABLE
CORTEX_M7.IsCacheable-Cortex_Memory_Protection_Unit_Region1_Settings=MPU_ACCESS_CACHEABLE
CORTEX_M7.IsCacheable-Cortex_Memory_Protection_Unit_Region2_Settings=MPU_ACCESS_CACHEABLE
CORTEX_M7.IsCacheable-Cortex_Memory_Protection_Unit_Region3_Settings=MPU_ACCESS_CACHEABLE
CORTEX_M7.IsCacheable-Cortex_Memory_Protection_Unit_Region4_Settings=MPU_ACCESS_CACHEABLE
CORTEX_M7.IsShareable-Cortex_Memory_Protection_Unit_Region0_Settings=MPU_ACCESS_SHAREABLE
CORTEX_M7.IsShareable-Cortex_Memory_Protection_Unit_Region1_Settings=MPU_ACCESS_SHAREABLE
CORTEX_M7.IsShareable-Cortex_Memory_Protection_Unit_Region2_Settings=MPU_ACCESS_SHAREABLE
CORTEX_M7.IsShareable-Cortex_Memory_Protection_Unit_Region3_Settings=MPU_ACCESS_SHAREABLE
CORTEX_M7.IsShareable-Cortex_Memory_Protection_Unit_Region4_Settings=MPU_ACCESS_SHAREABLE
CORTEX_M7.MPU_Control=MPU_HFNMI_PRIVDEF
CORTEX_M7.Size-Cortex_Memory_Protection_Unit_Region0_Settings=MPU_REGION_SIZE_256KB
CORTEX_M7.Size-Cortex_Memory_Protection_Unit_Region1_Settings=MPU_REGION_SIZE_512KB
CORTEX_M7.Size-Cortex_Memory_Protection_Unit_Region2_Settings=MPU_REGION_SIZE_512KB
CORTEX_M7.Size-Cortex_Memory_Protection_Unit_Region3_Settings=MPU_REGION_SIZE_64KB
CORTEX_M7.Size-Cortex_Memory_Protection_Unit_Region4_Settings=MPU_REGION_SIZE_128KB
CORTEX_M7.TypeExtField-Cortex_Memory_Protection_Unit_Region1_Settings=MPU_TEX_LEVEL1
CORTEX_M7.TypeExtField-Cortex_Memory_Protection_Unit_Region2_Settings=MPU_TEX_LEVEL1
CORTEX_M7.TypeExtField-Cortex_Memory_Protection_Unit_Region3_Settings=MPU_TEX_LEVEL1
CORTEX_M7.TypeExtField-Cortex_Memory_Protection_Unit_Region4_Settings=MPU_TEX_LEVEL1
CRC.DefaultInitValueUse=DEFAULT_INIT_VALUE_DISABLE
CRC.DefaultPolynomialUse=DEFAULT_POLYNOMIAL_ENABLE
CRC.IPParameters=InputDataFormat,InputDataInversionMode,OutputDataInversionMode,DefaultPolynomialUse,DefaultInitValueUse,InitValue
CRC.InitValue=0xFFFFFFFF
CRC.InputDataFormat=CRC_INPUTDATA_FORMAT_BYTES
CRC.InputDataInversionMode=CRC_INPUTDATA_INVERSION_BYTE
CRC.OutputDataInversionMode=CRC_OUTPUTDATA_INVERSION_ENABLE
Dma.MEMTOMEM.0.Direction=DMA_MEMORY_TO_MEMORY
Dma.MEMTOMEM.0.EventEnable=DISABLE
Dma.MEMTOMEM.0.FIFOMode=DMA_FIFOMODE_ENABLE
Dma.MEMTOMEM.0.FIFOThreshold=DMA_FIFO_THRESHOLD_FULL
Dma.MEMTOMEM.0.Instance=DMA1_Stream0
Dma.MEMTOMEM.0.MemBurst=DMA_MBURST_SINGLE
Dma.MEMTOMEM.0.MemDataAlignment=DMA_MDATAALIGN_BYTE
Dma.MEMTOMEM.0.MemInc=DMA_MINC_ENABLE
Dma.MEMTOMEM.0.Mode=DMA_NORMAL
Dma.MEMTOMEM.0.PeriphBurst=DMA_PBURST_SINGLE
Dma.MEMTOMEM.0.PeriphDataAlignment=DMA_PDATAALIGN_BYTE
Dma.MEMTOMEM.0.PeriphInc=DMA_PINC_ENABLE
Dma.MEMTOMEM.0.Polarity=HAL_DMAMUX_REQ_GEN_RISING
Dma.MEMTOMEM.0.Priority=DMA_PRIORITY_LOW
Dma.MEMTOMEM.0.RequestNumber=1
Dma.MEMTOMEM.0.RequestParameters=Instance,Direction,PeriphInc,MemInc,PeriphDataAlignment,MemDataAlignment,Mode,Priority,FIFOMode,FIFOThreshold,MemBurst,PeriphBurst,SignalID,Polarity,RequestNumber,SyncSignalID,SyncPolarity,SyncEnable,EventEnable,SyncRequestNumber
Dma.MEMTOMEM.0.SignalID=NONE
Dma.MEMTOMEM.0.SyncEnable=DISABLE
Dma.MEMTOMEM.0.SyncPolarity=HAL_DMAMUX_SYNC_NO_EVENT
Dma.MEMTOMEM.0.SyncRequestNumber=1
Dma.MEMTOMEM.0.SyncSignalID=NONE
Dma.Request0=MEMTOMEM
Dma.RequestsNb=1
FATFS.BSP.number=1
FATFS.IPParameters=_MAX_SS,_CODE_PAGE,_USE_LFN,_USE_TRIM,_FS_LOCK,USE_DMA_CODE_SD,_FS_TINY
FATFS.USE_DMA_CODE_SD=1
FATFS._CODE_PAGE=437
FATFS._FS_LOCK=5
FATFS._FS_TINY=1
FATFS._MAX_SS=4096
FATFS._USE_LFN=2
FATFS._USE_TRIM=1
FATFS0.BSP.STBoard=false
FATFS0.BSP.api=Unknown
FATFS0.BSP.component=
FATFS0.BSP.condition=
FATFS0.BSP.i2caddr=0
FATFS0.BSP.i2creg=
FATFS0.BSP.instance=PD8
FATFS0.BSP.ip=GPIO
FATFS0.BSP.mode=Input
FATFS0.BSP.name=Detect_SDIO
FATFS0.BSP.semaphore=
FATFS0.BSP.solution=PD8
File.Version=6
KeepUserPlacement=false
Mcu.Family=STM32H7
Mcu.IP0=CORTEX_M7
Mcu.IP1=CRC
Mcu.IP10=SYS
Mcu.IP11=USB_DEVICE
Mcu.IP12=USB_OTG_FS
Mcu.IP2=DEBUG
Mcu.IP3=DMA
Mcu.IP4=FATFS
Mcu.IP5=NVIC
Mcu.IP6=QUADSPI
Mcu.IP7=RCC
Mcu.IP8=SDMMC2
Mcu.IP9=SPI2
Mcu.IPNb=13
Mcu.Name=STM32H750VBTx
Mcu.Package=LQFP100
Mcu.Pin0=PE2
Mcu.Pin1=PC14-OSC32_IN (OSC32_IN)
Mcu.Pin10=PB13
Mcu.Pin11=PB14
Mcu.Pin12=PB15
Mcu.Pin13=PD8
Mcu.Pin14=PD10
Mcu.Pin15=PC9
Mcu.Pin16=PA11
Mcu.Pin17=PA12
Mcu.Pin18=PA13 (JTMS/SWDIO)
Mcu.Pin19=PA14 (JTCK/SWCLK)
Mcu.Pin2=PC15-OSC32_OUT (OSC32_OUT)
Mcu.Pin20=PC10
Mcu.Pin21=PB3 (JTDO/TRACESWO)
Mcu.Pin22=PB4 (NJTRST)
Mcu.Pin23=PB6
Mcu.Pin24=VP_CRC_VS_CRC
Mcu.Pin25=VP_FATFS_VS_SDIO
Mcu.Pin26=VP_FATFS_VS_Generic
Mcu.Pin27=VP_SYS_VS_Systick
Mcu.Pin28=VP_USB_DEVICE_VS_USB_DEVICE_MSC_FS
Mcu.Pin3=PC1
Mcu.Pin4=PC2_C
Mcu.Pin5=PC3_C
Mcu.Pin6=PA0
Mcu.Pin7=PA1
Mcu.Pin8=PB2
Mcu.Pin9=PB12
Mcu.PinsNb=29
Mcu.ThirdPartyNb=0
Mcu.UserConstants=
Mcu.UserName=STM32H750VBTx
MxCube.Version=5.3.0
MxDb.Version=DB.5.0.30
NVIC.BusFault_IRQn=true\:0\:0\:false\:false\:true\:false\:false
NVIC.DebugMonitor_IRQn=true\:0\:0\:true\:false\:true\:false\:false
NVIC.HardFault_IRQn=true\:0\:0\:false\:false\:true\:false\:false
NVIC.MemoryManagement_IRQn=true\:0\:0\:false\:false\:true\:false\:false
NVIC.NonMaskableInt_IRQn=true\:0\:0\:false\:false\:true\:false\:false
NVIC.OTG_FS_IRQn=true\:14\:0\:true\:false\:true\:false\:true
NVIC.PendSV_IRQn=true\:0\:0\:false\:false\:true\:false\:false
NVIC.PriorityGroup=NVIC_PRIORITYGROUP_4
NVIC.QUADSPI_IRQn=true\:0\:0\:false\:false\:true\:true\:true
NVIC.SDMMC2_IRQn=true\:0\:0\:false\:false\:true\:true\:true
NVIC.SPI2_IRQn=true\:0\:0\:false\:false\:true\:true\:true
NVIC.SVCall_IRQn=true\:0\:0\:false\:false\:true\:false\:false
NVIC.SysTick_IRQn=true\:0\:0\:true\:false\:true\:false\:true
NVIC.UsageFault_IRQn=true\:0\:0\:false\:false\:true\:false\:false
PA0.GPIOParameters=GPIO_PuPd
PA0.GPIO_PuPd=GPIO_PULLUP
PA0.Locked=true
PA0.Mode=SD_4_bits_Wide_bus
PA0.Signal=SDMMC2_CMD
PA1.GPIOParameters=GPIO_Speed,GPIO_PuPd
PA1.GPIO_PuPd=GPIO_PULLUP
PA1.GPIO_Speed=GPIO_SPEED_FREQ_VERY_HIGH
PA1.Mode=Single Bank 1
PA1.Signal=QUADSPI_BK1_IO3
PA11.GPIOParameters=GPIO_Speed
PA11.GPIO_Speed=GPIO_SPEED_FREQ_VERY_HIGH
PA11.Mode=Device_Only
PA11.Signal=USB_OTG_FS_DM
PA12.GPIOParameters=GPIO_Speed
PA12.GPIO_Speed=GPIO_SPEED_FREQ_VERY_HIGH
PA12.Mode=Device_Only
PA12.Signal=USB_OTG_FS_DP
PA13\ (JTMS/SWDIO).Locked=true
PA13\ (JTMS/SWDIO).Mode=Serial_Wire
PA13\ (JTMS/SWDIO).Signal=DEBUG_JTMS-SWDIO
PA14\ (JTCK/SWCLK).Locked=true
PA14\ (JTCK/SWCLK).Mode=Serial_Wire
PA14\ (JTCK/SWCLK).Signal=DEBUG_JTCK-SWCLK
PB12.GPIOParameters=GPIO_Speed,GPIO_PuPd,GPIO_Label
PB12.GPIO_Label=FLASH_CS
PB12.GPIO_PuPd=GPIO_PULLUP
PB12.GPIO_Speed=GPIO_SPEED_FREQ_VERY_HIGH
PB12.Locked=true
PB12.Signal=GPIO_Output
PB13.GPIOParameters=GPIO_Speed,GPIO_Label
PB13.GPIO_Label=FLASH_SCK
PB13.GPIO_Speed=GPIO_SPEED_FREQ_VERY_HIGH
PB13.Locked=true
PB13.Mode=Full_Duplex_Master
PB13.Signal=SPI2_SCK
PB14.GPIOParameters=GPIO_PuPd
PB14.GPIO_PuPd=GPIO_PULLUP
PB14.Locked=true
PB14.Mode=SD_4_bits_Wide_bus
PB14.Signal=SDMMC2_D0
PB15.GPIOParameters=GPIO_PuPd
PB15.GPIO_PuPd=GPIO_PULLUP
PB15.Locked=true
PB15.Mode=SD_4_bits_Wide_bus
PB15.Signal=SDMMC2_D1
PB2.GPIOParameters=GPIO_Speed,GPIO_PuPd
PB2.GPIO_PuPd=GPIO_PULLUP
PB2.GPIO_Speed=GPIO_SPEED_FREQ_VERY_HIGH
PB2.Mode=Single Bank 1
PB2.Signal=QUADSPI_CLK
PB3\ (JTDO/TRACESWO).GPIOParameters=GPIO_PuPd
PB3\ (JTDO/TRACESWO).GPIO_PuPd=GPIO_PULLUP
PB3\ (JTDO/TRACESWO).Mode=SD_4_bits_Wide_bus
PB3\ (JTDO/TRACESWO).Signal=SDMMC2_D2
PB4\ (NJTRST).GPIOParameters=GPIO_PuPd
PB4\ (NJTRST).GPIO_PuPd=GPIO_PULLUP
PB4\ (NJTRST).Mode=SD_4_bits_Wide_bus
PB4\ (NJTRST).Signal=SDMMC2_D3
PB6.GPIOParameters=GPIO_Speed,GPIO_FM6,GPIO_PuPd
PB6.GPIO_FM6=__NULL
PB6.GPIO_PuPd=GPIO_PULLUP
PB6.GPIO_Speed=GPIO_SPEED_FREQ_VERY_HIGH
PB6.Locked=true
PB6.Mode=Single Bank 1
PB6.Signal=QUADSPI_BK1_NCS
PC1.GPIOParameters=GPIO_PuPd
PC1.GPIO_PuPd=GPIO_PULLUP
PC1.Locked=true
PC1.Mode=SD_4_bits_Wide_bus
PC1.Signal=SDMMC2_CK
PC10.GPIOParameters=GPIO_Speed,GPIO_PuPd
PC10.GPIO_PuPd=GPIO_PULLUP
PC10.GPIO_Speed=GPIO_SPEED_FREQ_VERY_HIGH
PC10.Mode=Single Bank 1
PC10.Signal=QUADSPI_BK1_IO1
PC14-OSC32_IN\ (OSC32_IN).GPIOParameters=GPIO_Label
PC14-OSC32_IN\ (OSC32_IN).GPIO_Label=LED_GREEN
PC14-OSC32_IN\ (OSC32_IN).Locked=true
PC14-OSC32_IN\ (OSC32_IN).Signal=GPIO_Output
PC15-OSC32_OUT\ (OSC32_OUT).GPIOParameters=GPIO_Label
PC15-OSC32_OUT\ (OSC32_OUT).GPIO_Label=LED_RED
PC15-OSC32_OUT\ (OSC32_OUT).Locked=true
PC15-OSC32_OUT\ (OSC32_OUT).Signal=GPIO_Output
PC2_C.GPIOParameters=GPIO_Speed,GPIO_Label
PC2_C.GPIO_Label=FLASH_MISO
PC2_C.GPIO_Speed=GPIO_SPEED_FREQ_VERY_HIGH
PC2_C.Locked=true
PC2_C.Mode=Full_Duplex_Master
PC2_C.Signal=SPI2_MISO
PC3_C.GPIOParameters=GPIO_Speed,GPIO_Label
PC3_C.GPIO_Label=FLASH_MOSI
PC3_C.GPIO_Speed=GPIO_SPEED_FREQ_VERY_HIGH
PC3_C.Locked=true
PC3_C.Mode=Full_Duplex_Master
PC3_C.Signal=SPI2_MOSI
PC9.GPIOParameters=GPIO_Speed,GPIO_PuPd
PC9.GPIO_PuPd=GPIO_PULLUP
PC9.GPIO_Speed=GPIO_SPEED_FREQ_VERY_HIGH
PC9.Mode=Single Bank 1
PC9.Signal=QUADSPI_BK1_IO0
PCC.Checker=true
PCC.Line=STM32H750 Value line
PCC.MCU=STM32H750VBTx
PCC.PartNumber=STM32H750VBTx
PCC.Seq0=0
PCC.Series=STM32H7
PCC.Temperature=25
PCC.Vdd=3.0
PD10.GPIOParameters=GPIO_PuPd,GPIO_Label
PD10.GPIO_Label=IO1
PD10.GPIO_PuPd=GPIO_PULLDOWN
PD10.Locked=true
PD10.Signal=GPIO_Input
PD8.GPIOParameters=GPIO_Label
PD8.GPIO_Label=SDMMC_CDN
PD8.Locked=true
PD8.Signal=GPIO_Input
PE2.GPIOParameters=GPIO_Speed,GPIO_PuPd
PE2.GPIO_PuPd=GPIO_PULLUP
PE2.GPIO_Speed=GPIO_SPEED_FREQ_VERY_HIGH
PE2.Mode=Single Bank 1
PE2.Signal=QUADSPI_BK1_IO2
PinOutPanel.RotationAngle=0
ProjectManager.AskForMigrate=true
ProjectManager.BackupPrevious=true
ProjectManager.CompilerOptimize=6
ProjectManager.ComputerToolchain=false
ProjectManager.CoupleFile=true
ProjectManager.CustomerFirmwarePackage=
ProjectManager.DefaultFWLocation=true
ProjectManager.DeletePrevious=true
ProjectManager.DeviceId=STM32H750VBTx
ProjectManager.FirmwarePackage=STM32Cube FW_H7 V1.5.0
ProjectManager.FreePins=true
ProjectManager.HalAssertFull=true
ProjectManager.HeapSize=0x10000
ProjectManager.KeepUserCode=true
ProjectManager.LastFirmware=true
ProjectManager.LibraryCopy=0
ProjectManager.MainLocation=Core/Src
ProjectManager.NoMain=false
ProjectManager.PreviousToolchain=STM32CubeIDE
ProjectManager.ProjectBuild=false
ProjectManager.ProjectFileName=H7PI_MultiBootloader.ioc
ProjectManager.ProjectName=H7PI_MultiBootloader
ProjectManager.StackSize=0x10000
ProjectManager.TargetToolchain=MDK-ARM V5
ProjectManager.ToolChainLocation=
ProjectManager.UnderRoot=false
ProjectManager.functionlistsort=1-MX_GPIO_Init-GPIO-false-HAL-false,2-MX_DMA_Init-DMA-false-HAL-false,3-SystemClock_Config-RCC-false-HAL-false,4-MX_QUADSPI_Init-QUADSPI-false-HAL-false,5-MX_SPI2_Init-SPI2-false-HAL-false,6-MX_SDMMC2_SD_Init-SDMMC2-false-HAL-false,7-MX_FATFS_Init-FATFS-false-HAL-true,8-MX_USB_DEVICE_Init-USB_DEVICE-true-HAL-false,9-MX_CRC_Init-CRC-false-HAL-true
QUADSPI.ChipSelectHighTime=QSPI_CS_HIGH_TIME_8_CYCLE
QUADSPI.ClockMode=QSPI_CLOCK_MODE_0
QUADSPI.ClockPrescaler=2
QUADSPI.FifoThreshold=32
QUADSPI.FlashSize=22
QUADSPI.IPParameters=ClockPrescaler,FifoThreshold,SampleShifting,FlashSize,ChipSelectHighTime,ClockMode
QUADSPI.SampleShifting=QSPI_SAMPLE_SHIFTING_HALFCYCLE
RCC.ADCFreq_Value=240000000
RCC.AHB12Freq_Value=240000000
RCC.AHB4Freq_Value=240000000
RCC.APB1Freq_Value=120000000
RCC.APB2Freq_Value=120000000
RCC.APB3Freq_Value=120000000
RCC.APB4Freq_Value=120000000
RCC.AXIClockFreq_Value=240000000
RCC.CECFreq_Value=32000
RCC.CKPERFreq_Value=64000000
RCC.CortexFreq_Value=480000000
RCC.CpuClockFreq_Value=480000000
RCC.D1CPREFreq_Value=480000000
RCC.D1PPRE=RCC_APB3_DIV2
RCC.D2PPRE1=RCC_APB1_DIV2
RCC.D2PPRE2=RCC_APB2_DIV2
RCC.D3PPRE=RCC_APB4_DIV2
RCC.DFSDMACLkFreq_Value=240000000
RCC.DFSDMFreq_Value=120000000
RCC.DIVM1=4
RCC.DIVM2=4
RCC.DIVM3=4
RCC.DIVN1=60
RCC.DIVN2=15
RCC.DIVN3=15
RCC.DIVP1Freq_Value=480000000
RCC.DIVP2=1
RCC.DIVP2Freq_Value=240000000
RCC.DIVP3=1
RCC.DIVP3Freq_Value=240000000
RCC.DIVQ1=4
RCC.DIVQ1Freq_Value=240000000
RCC.DIVQ2=8
RCC.DIVQ2Freq_Value=30000000
RCC.DIVQ3=8
RCC.DIVQ3Freq_Value=30000000
RCC.DIVR1Freq_Value=480000000
RCC.DIVR2=1
RCC.DIVR2Freq_Value=240000000
RCC.DIVR3=8
RCC.DIVR3Freq_Value=30000000
RCC.FDCANFreq_Value=240000000
RCC.FMCCLockSelection=RCC_FMCCLKSOURCE_PLL
RCC.FMCFreq_Value=240000000
RCC.FamilyName=M
RCC.HCLK3ClockFreq_Value=240000000
RCC.HCLKFreq_Value=240000000
RCC.HPRE=RCC_HCLK_DIV2
RCC.HRTIMFreq_Value=240000000
RCC.HSE_VALUE=24000000
RCC.I2C123Freq_Value=120000000
RCC.I2C4Freq_Value=120000000
RCC.IPParameters=ADCFreq_Value,AHB12Freq_Value,AHB4Freq_Value,APB1Freq_Value,APB2Freq_Value,APB3Freq_Value,APB4Freq_Value,AXIClockFreq_Value,CECFreq_Value,CKPERFreq_Value,CortexFreq_Value,CpuClockFreq_Value,D1CPREFreq_Value,D1PPRE,D2PPRE1,D2PPRE2,D3PPRE,DFSDMACLkFreq_Value,DFSDMFreq_Value,DIVM1,DIVM2,DIVM3,DIVN1,DIVN2,DIVN3,DIVP1Freq_Value,DIVP2,DIVP2Freq_Value,DIVP3,DIVP3Freq_Value,DIVQ1,DIVQ1Freq_Value,DIVQ2,DIVQ2Freq_Value,DIVQ3,DIVQ3Freq_Value,DIVR1Freq_Value,DIVR2,DIVR2Freq_Value,DIVR3,DIVR3Freq_Value,FDCANFreq_Value,FMCCLockSelection,FMCFreq_Value,FamilyName,HCLK3ClockFreq_Value,HCLKFreq_Value,HPRE,HRTIMFreq_Value,HSE_VALUE,I2C123Freq_Value,I2C4Freq_Value,LPTIM1Freq_Value,LPTIM2Freq_Value,LPTIM345Freq_Value,LPUART1Freq_Value,LTDCFreq_Value,MCO1PinFreq_Value,MCO2PinFreq_Value,PLL2FRACN,PLL3FRACN,PLLFRACN,QSPIFreq_Value,RNGFreq_Value,RTCFreq_Value,SAI1Freq_Value,SAI23Freq_Value,SAI4AFreq_Value,SAI4BFreq_Value,SDMMCFreq_Value,SPDIFRXFreq_Value,SPI123Freq_Value,SPI45Freq_Value,SPI6Freq_Value,SWPMI1Freq_Value,SYSCLKFreq_VALUE,SYSCLKSource,Tim1OutputFreq_Value,Tim2OutputFreq_Value,TraceFreq_Value,USART16Freq_Value,USART234578Freq_Value,USBCLockSelection,USBFreq_Value,VCO1OutputFreq_Value,VCO2OutputFreq_Value,VCO3OutputFreq_Value,VCOInput1Freq_Value,VCOInput2Freq_Value,VCOInput3Freq_Value
RCC.LPTIM1Freq_Value=120000000
RCC.LPTIM2Freq_Value=120000000
RCC.LPTIM345Freq_Value=120000000
RCC.LPUART1Freq_Value=120000000
RCC.LTDCFreq_Value=30000000
RCC.MCO1PinFreq_Value=64000000
RCC.MCO2PinFreq_Value=480000000
RCC.PLL2FRACN=0
RCC.PLL3FRACN=0
RCC.PLLFRACN=0
RCC.QSPIFreq_Value=240000000
RCC.RNGFreq_Value=48000000
RCC.RTCFreq_Value=32000
RCC.SAI1Freq_Value=240000000
RCC.SAI23Freq_Value=240000000
RCC.SAI4AFreq_Value=240000000
RCC.SAI4BFreq_Value=240000000
RCC.SDMMCFreq_Value=240000000
RCC.SPDIFRXFreq_Value=240000000
RCC.SPI123Freq_Value=240000000
RCC.SPI45Freq_Value=120000000
RCC.SPI6Freq_Value=120000000
RCC.SWPMI1Freq_Value=120000000
RCC.SYSCLKFreq_VALUE=480000000
RCC.SYSCLKSource=RCC_SYSCLKSOURCE_PLLCLK
RCC.Tim1OutputFreq_Value=240000000
RCC.Tim2OutputFreq_Value=240000000
RCC.TraceFreq_Value=480000000
RCC.USART16Freq_Value=120000000
RCC.USART234578Freq_Value=120000000
RCC.USBCLockSelection=RCC_USBCLKSOURCE_HSI48
RCC.USBFreq_Value=48000000
RCC.VCO1OutputFreq_Value=960000000
RCC.VCO2OutputFreq_Value=240000000
RCC.VCO3OutputFreq_Value=240000000
RCC.VCOInput1Freq_Value=16000000
RCC.VCOInput2Freq_Value=16000000
RCC.VCOInput3Freq_Value=16000000
SDMMC2.ClockDiv=2
SDMMC2.HardwareFlowControl=SDMMC_HARDWARE_FLOW_CONTROL_DISABLE
SDMMC2.IPParameters=ClockDiv,HardwareFlowControl,USE_SD_TRANSCEIVER
SDMMC2.USE_SD_TRANSCEIVER=1U
SPI2.BaudRatePrescaler=SPI_BAUDRATEPRESCALER_4
SPI2.CLKPhase=SPI_PHASE_2EDGE
SPI2.CLKPolarity=SPI_POLARITY_HIGH
SPI2.CRCCalculation=SPI_CRCCALCULATION_ENABLE
SPI2.CalculateBaudRate=60.0 MBits/s
SPI2.DataSize=SPI_DATASIZE_8BIT
SPI2.Direction=SPI_DIRECTION_2LINES
SPI2.FifoThreshold=SPI_FIFO_THRESHOLD_01DATA
SPI2.IPParameters=VirtualType,Mode,Direction,BaudRatePrescaler,CalculateBaudRate,DataSize,CLKPolarity,CLKPhase,NSSPMode,MasterKeepIOState,FifoThreshold,CRCCalculation
SPI2.MasterKeepIOState=SPI_MASTER_KEEP_IO_STATE_ENABLE
SPI2.Mode=SPI_MODE_MASTER
SPI2.NSSPMode=SPI_NSS_PULSE_ENABLE
SPI2.VirtualType=VM_MASTER
USB_DEVICE.CLASS_NAME_FS=MSC
USB_DEVICE.IPParameters=VirtualModeFS,CLASS_NAME_FS,VirtualMode-MSC_FS,USBD_MAX_NUM_INTERFACES-MSC_FS,USBD_MAX_NUM_CONFIGURATION-MSC_FS,MANUFACTURER_STRING-MSC_FS,PRODUCT_STRING_MSC_FS
USB_DEVICE.MANUFACTURER_STRING-MSC_FS=HTCTEK
USB_DEVICE.PRODUCT_STRING_MSC_FS=HTC Mass Storage
USB_DEVICE.USBD_MAX_NUM_CONFIGURATION-MSC_FS=3
USB_DEVICE.USBD_MAX_NUM_INTERFACES-MSC_FS=3
USB_DEVICE.VirtualMode-MSC_FS=Msc
USB_DEVICE.VirtualModeFS=Msc_FS
USB_OTG_FS.IPParameters=VirtualMode
USB_OTG_FS.VirtualMode=Device_Only
VP_CRC_VS_CRC.Mode=CRC_Activate
VP_CRC_VS_CRC.Signal=CRC_VS_CRC
VP_FATFS_VS_Generic.Mode=User_defined
VP_FATFS_VS_Generic.Signal=FATFS_VS_Generic
VP_FATFS_VS_SDIO.Mode=SDIO
VP_FATFS_VS_SDIO.Signal=FATFS_VS_SDIO
VP_SYS_VS_Systick.Mode=SysTick
VP_SYS_VS_Systick.Signal=SYS_VS_Systick
VP_USB_DEVICE_VS_USB_DEVICE_MSC_FS.Mode=MSC_FS
VP_USB_DEVICE_VS_USB_DEVICE_MSC_FS.Signal=USB_DEVICE_VS_USB_DEVICE_MSC_FS
board=custom
